
Microsoft Visual Studio Solution File, Format Version 12.00
# Visual Studio Version 16
VisualStudioVersion = 16.0.32228.343
MinimumVisualStudioVersion = 10.0.40219.1
Project("{FAE04EC0-301F-11D3-BF4B-00C04F79EFBC}") = "jyankenbattle", "jyankenbattle.csproj", "{784628DA-67BE-411A-B868-A5543F174F51}"
EndProject
Global
	GlobalSection(SolutionConfigurationPlatforms) = preSolution
		Debug|Any CPU = Debug|Any CPU
		Release|Any CPU = Release|Any CPU
	EndGlobalSection
	GlobalSection(ProjectConfigurationPlatforms) = postSolution
		{784628DA-67BE-411A-B868-A5543F174F51}.Debug|Any CPU.ActiveCfg = Debug|Any CPU
		{784628DA-67BE-411A-B868-A5543F174F51}.Debug|Any CPU.Build.0 = Debug|Any CPU
		{784628DA-67BE-411A-B868-A5543F174F51}.Release|Any CPU.ActiveCfg = Release|Any CPU
		{784628DA-67BE-411A-B868-A5543F174F51}.Release|Any CPU.Build.0 = Release|Any CPU
	EndGlobalSection
	GlobalSection(SolutionProperties) = preSolution
		HideSolutionNode = FALSE
	EndGlobalSection
	GlobalSection(ExtensibilityGlobals) = postSolution
		SolutionGuid = {7E541AC9-DC1A-4455-AEEF-474074EA9385}
	EndGlobalSection
EndGlobal
